{
  "name": "Team_Sync_Tool",
  "lockfileVersion": 3,
  "requires": true,
  "packages": {
    "": {
      "dependencies": {
        "@hono/node-server": "^2.0.0",
        "hono": "^4.12.14"
      }
    },
    "node_modules/@hono/node-server": {
      "version": "2.0.0",
      "resolved": "https://npm.apple.com/@hono/node-server/-/node-server-2.0.0.tgz",
      "integrity": "sha512-n3GfHwwCvHCkGmOwKfxUPOlbfzuO64Sbc5XC4NGPIXxkuOnJrdgExdRKmHfF924r914WRJPT397GdqLvdYTeyQ==",
      "engines": {
        "node": ">=20"
      },
      "peerDependencies": {
        "hono": "^4"
      }
    },
    "node_modules/hono": {
      "version": "4.12.14",
      "resolved": "https://npm.apple.com/hono/-/hono-4.12.14.tgz",
      "integrity": "sha512-am5zfg3yu6sqn5yjKBNqhnTX7Cv+m00ox+7jbaKkrLMRJ4rAdldd1xPd/JzbBWspqaQv6RSTrgFN95EsfhC+7w==",
      "engines": {
        "node": ">=16.9.0"
      }
    }
  }
}
